
Microsoft Visual Studio Solution File, Format Version 12.00
# Visual Studio 14
VisualStudioVersion = 14.0.25420.1
MinimumVisualStudioVersion = 10.0.40219.1
Project("{FAE04EC0-301F-11D3-BF4B-00C04F79EFBC}") = "MongoTest", "MongoTest\MongoTest.csproj", "{4B363183-9736-4BEA-960B-4EAF208A4BD8}"
EndProject
Project("{FAE04EC0-301F-11D3-BF4B-00C04F79EFBC}") = "MongoDB", "MongoDB\MongoDB.csproj", "{F382903E-1FDF-4248-94B0-768FD966B065}"
EndProject
Global
	GlobalSection(SolutionConfigurationPlatforms) = preSolution
		Debug|Any CPU = Debug|Any CPU
		Release|Any CPU = Release|Any CPU
	EndGlobalSection
	GlobalSection(ProjectConfigurationPlatforms) = postSolution
		{4B363183-9736-4BEA-960B-4EAF208A4BD8}.Debug|Any CPU.ActiveCfg = Debug|Any CPU
		{4B363183-9736-4BEA-960B-4EAF208A4BD8}.Debug|Any CPU.Build.0 = Debug|Any CPU
		{4B363183-9736-4BEA-960B-4EAF208A4BD8}.Release|Any CPU.ActiveCfg = Release|Any CPU
		{4B363183-9736-4BEA-960B-4EAF208A4BD8}.Release|Any CPU.Build.0 = Release|Any CPU
		{F382903E-1FDF-4248-94B0-768FD966B065}.Debug|Any CPU.ActiveCfg = Debug|Any CPU
		{F382903E-1FDF-4248-94B0-768FD966B065}.Debug|Any CPU.Build.0 = Debug|Any CPU
		{F382903E-1FDF-4248-94B0-768FD966B065}.Release|Any CPU.ActiveCfg = Release|Any CPU
		{F382903E-1FDF-4248-94B0-768FD966B065}.Release|Any CPU.Build.0 = Release|Any CPU
	EndGlobalSection
	GlobalSection(SolutionProperties) = preSolution
		HideSolutionNode = FALSE
	EndGlobalSection
EndGlobal
